
Microsoft Visual Studio Solution File, Format Version 12.00
# Visual Studio Version 16
VisualStudioVersion = 16.0.31624.102
MinimumVisualStudioVersion = 10.0.40219.1
Project("{FAE04EC0-301F-11D3-BF4B-00C04F79EFBC}") = "Containervervoer", "Containervervoer\Containervervoer.csproj", "{DCC4BE06-AB92-4ACE-9C3F-780626BBA6FF}"
EndProject
Global
	GlobalSection(SolutionConfigurationPlatforms) = preSolution
		Debug|Any CPU = Debug|Any CPU
		Release|Any CPU = Release|Any CPU
	EndGlobalSection
	GlobalSection(ProjectConfigurationPlatforms) = postSolution
		{DCC4BE06-AB92-4ACE-9C3F-780626BBA6FF}.Debug|Any CPU.ActiveCfg = Debug|Any CPU
		{DCC4BE06-AB92-4ACE-9C3F-780626BBA6FF}.Debug|Any CPU.Build.0 = Debug|Any CPU
		{DCC4BE06-AB92-4ACE-9C3F-780626BBA6FF}.Release|Any CPU.ActiveCfg = Release|Any CPU
		{DCC4BE06-AB92-4ACE-9C3F-780626BBA6FF}.Release|Any CPU.Build.0 = Release|Any CPU
	EndGlobalSection
	GlobalSection(SolutionProperties) = preSolution
		HideSolutionNode = FALSE
	EndGlobalSection
	GlobalSection(ExtensibilityGlobals) = postSolution
		SolutionGuid = {2CA00E7C-5EF8-4763-A88D-3CF91FD88EF1}
	EndGlobalSection
EndGlobal
